
Microsoft Visual Studio Solution File, Format Version 12.00
# Visual Studio Version 17
VisualStudioVersion = 17.7.34003.232
MinimumVisualStudioVersion = 10.0.40219.1
Project("{FAE04EC0-301F-11D3-BF4B-00C04F79EFBC}") = "prjSchaumburg", "prjSchaumburg\prjSchaumburg.csproj", "{B491B140-3F79-451A-95FE-9EAE127F8031}"
EndProject
Global
	GlobalSection(SolutionConfigurationPlatforms) = preSolution
		Debug|Any CPU = Debug|Any CPU
		Release|Any CPU = Release|Any CPU
	EndGlobalSection
	GlobalSection(ProjectConfigurationPlatforms) = postSolution
		{B491B140-3F79-451A-95FE-9EAE127F8031}.Debug|Any CPU.ActiveCfg = Debug|Any CPU
		{B491B140-3F79-451A-95FE-9EAE127F8031}.Debug|Any CPU.Build.0 = Debug|Any CPU
		{B491B140-3F79-451A-95FE-9EAE127F8031}.Release|Any CPU.ActiveCfg = Release|Any CPU
		{B491B140-3F79-451A-95FE-9EAE127F8031}.Release|Any CPU.Build.0 = Release|Any CPU
	EndGlobalSection
	GlobalSection(SolutionProperties) = preSolution
		HideSolutionNode = FALSE
	EndGlobalSection
	GlobalSection(ExtensibilityGlobals) = postSolution
		SolutionGuid = {2124236D-429D-4E8C-892E-5DF731AAEAD7}
	EndGlobalSection
EndGlobal
